// !$*UTF8*$!
{
	archiveVersion = 1;
	classes = {
	};
	objectVersion = 56;
	objects = {

/* Begin PBXBuildFile section */
		350A5D882BA8B32500324FD4 /* AppDelegate.swift in Sources */ = {isa = PBXBuildFile; fileRef = 350A5D872BA8B32500324FD4 /* AppDelegate.swift */; };
		350A5D8A2BA8B32500324FD4 /* SceneDelegate.swift in Sources */ = {isa = PBXBuildFile; fileRef = 350A5D892BA8B32500324FD4 /* SceneDelegate.swift */; };
		350A5D8F2BA8B32500324FD4 /* Main.storyboard in Resources */ = {isa = PBXBuildFile; fileRef = 350A5D8D2BA8B32500324FD4 /* Main.storyboard */; };
		350A5D912BA8B32600324FD4 /* Assets.xcassets in Resources */ = {isa = PBXBuildFile; fileRef = 350A5D902BA8B32600324FD4 /* Assets.xcassets */; };
		350A5D942BA8B32600324FD4 /* LaunchScreen.storyboard in Resources */ = {isa = PBXBuildFile; fileRef = 350A5D922BA8B32600324FD4 /* LaunchScreen.storyboard */; };
		350A5D9D2BA8B5ED00324FD4 /* WeatherViewModel.swift in Sources */ = {isa = PBXBuildFile; fileRef = 350A5D9C2BA8B5ED00324FD4 /* WeatherViewModel.swift */; };
		350A5DA02BA8B77400324FD4 /* UIView+Extension.swift in Sources */ = {isa = PBXBuildFile; fileRef = 350A5D9F2BA8B77400324FD4 /* UIView+Extension.swift */; };
		350A5DA52BA8C5D600324FD4 /* CGFloat+Extension.swift in Sources */ = {isa = PBXBuildFile; fileRef = 350A5DA42BA8C5D600324FD4 /* CGFloat+Extension.swift */; };
		350A5DA82BA8CE0000324FD4 /* Inter-Medium.otf in Resources */ = {isa = PBXBuildFile; fileRef = 350A5DA72BA8CE0000324FD4 /* Inter-Medium.otf */; };
		350A5DAA2BA8CFC200324FD4 /* UIColor+Extension.swift in Sources */ = {isa = PBXBuildFile; fileRef = 350A5DA92BA8CFC200324FD4 /* UIColor+Extension.swift */; };
		350A5DAC2BA8D0A500324FD4 /* Inter-Regular.otf in Resources */ = {isa = PBXBuildFile; fileRef = 350A5DAB2BA8D0A500324FD4 /* Inter-Regular.otf */; };
		351E16AF2BA8DAFF009D5DA0 /* Inter-Bold.otf in Resources */ = {isa = PBXBuildFile; fileRef = 351E16AE2BA8DAFF009D5DA0 /* Inter-Bold.otf */; };
		351E16B32BA8E02C009D5DA0 /* TopView.swift in Sources */ = {isa = PBXBuildFile; fileRef = 351E16B22BA8E02C009D5DA0 /* TopView.swift */; };
		351E16B52BA8E0A1009D5DA0 /* TitleView.swift in Sources */ = {isa = PBXBuildFile; fileRef = 351E16B42BA8E0A1009D5DA0 /* TitleView.swift */; };
		351E16B72BA8E0F2009D5DA0 /* WeatherMainTitleView.swift in Sources */ = {isa = PBXBuildFile; fileRef = 351E16B62BA8E0F2009D5DA0 /* WeatherMainTitleView.swift */; };
		351E16B92BA8E10D009D5DA0 /* DescriptionListView.swift in Sources */ = {isa = PBXBuildFile; fileRef = 351E16B82BA8E10D009D5DA0 /* DescriptionListView.swift */; };
		351E16BB2BA8E1F1009D5DA0 /* BottomView.swift in Sources */ = {isa = PBXBuildFile; fileRef = 351E16BA2BA8E1F1009D5DA0 /* BottomView.swift */; };
		351E16BD2BA8E258009D5DA0 /* HomeViewController.swift in Sources */ = {isa = PBXBuildFile; fileRef = 351E16BC2BA8E258009D5DA0 /* HomeViewController.swift */; };
		353729982BA8F47700915455 /* TodayForecastCell.swift in Sources */ = {isa = PBXBuildFile; fileRef = 353729972BA8F47700915455 /* TodayForecastCell.swift */; };
		3537299B2BA8F9F500915455 /* WeeklyForecastCell.swift in Sources */ = {isa = PBXBuildFile; fileRef = 3537299A2BA8F9F500915455 /* WeeklyForecastCell.swift */; };
		3537299D2BA904EB00915455 /* SearchViewController.swift in Sources */ = {isa = PBXBuildFile; fileRef = 3537299C2BA904EB00915455 /* SearchViewController.swift */; };
		353729A02BA9509300915455 /* HomeViewProtocols.swift in Sources */ = {isa = PBXBuildFile; fileRef = 3537299F2BA9509300915455 /* HomeViewProtocols.swift */; };
		353729A52BA955BF00915455 /* Weather.swift in Sources */ = {isa = PBXBuildFile; fileRef = 353729A42BA955BF00915455 /* Weather.swift */; };
		353729A72BA956B800915455 /* Date+Extension.swift in Sources */ = {isa = PBXBuildFile; fileRef = 353729A62BA956B800915455 /* Date+Extension.swift */; };
		353729A92BA956EE00915455 /* NetworkService.swift in Sources */ = {isa = PBXBuildFile; fileRef = 353729A82BA956EE00915455 /* NetworkService.swift */; };
		353729AB2BA9590700915455 /* City.swift in Sources */ = {isa = PBXBuildFile; fileRef = 353729AA2BA9590700915455 /* City.swift */; };
		353729AD2BA99D8800915455 /* UIController+Extension.swift in Sources */ = {isa = PBXBuildFile; fileRef = 353729AC2BA99D8800915455 /* UIController+Extension.swift */; };
		353729B32BA9D94900915455 /* Assets.swift in Sources */ = {isa = PBXBuildFile; fileRef = 353729B22BA9D94900915455 /* Assets.swift */; };
		353729B52BA9DC6900915455 /* Forecast.swift in Sources */ = {isa = PBXBuildFile; fileRef = 353729B42BA9DC6900915455 /* Forecast.swift */; };
		353729B82BA9E32A00915455 /* Refectors.swift in Sources */ = {isa = PBXBuildFile; fileRef = 353729B72BA9E32A00915455 /* Refectors.swift */; };
		353729C12BA9F27600915455 /* Reachability+Extension.swift in Sources */ = {isa = PBXBuildFile; fileRef = 353729C02BA9F27600915455 /* Reachability+Extension.swift */; };
		353729C42BA9F3A800915455 /* Alamofire in Frameworks */ = {isa = PBXBuildFile; productRef = 353729C32BA9F3A800915455 /* Alamofire */; };
/* End PBXBuildFile section */

/* Begin PBXFileReference section */
		350A5D842BA8B32500324FD4 /* Weather.app */ = {isa = PBXFileReference; explicitFileType = wrapper.application; includeInIndex = 0; path = Weather.app; sourceTree = BUILT_PRODUCTS_DIR; };
		350A5D872BA8B32500324FD4 /* AppDelegate.swift */ = {isa = PBXFileReference; lastKnownFileType = sourcecode.swift; path = AppDelegate.swift; sourceTree = "<group>"; };
		350A5D892BA8B32500324FD4 /* SceneDelegate.swift */ = {isa = PBXFileReference; lastKnownFileType = sourcecode.swift; path = SceneDelegate.swift; sourceTree = "<group>"; };
		350A5D8E2BA8B32500324FD4 /* Base */ = {isa = PBXFileReference; lastKnownFileType = file.storyboard; name = Base; path = Base.lproj/Main.storyboard; sourceTree = "<group>"; };
		350A5D902BA8B32600324FD4 /* Assets.xcassets */ = {isa = PBXFileReference; lastKnownFileType = folder.assetcatalog; path = Assets.xcassets; sourceTree = "<group>"; };
		350A5D932BA8B32600324FD4 /* Base */ = {isa = PBXFileReference; lastKnownFileType = file.storyboard; name = Base; path = Base.lproj/LaunchScreen.storyboard; sourceTree = "<group>"; };
		350A5D952BA8B32600324FD4 /* Info.plist */ = {isa = PBXFileReference; lastKnownFileType = text.plist.xml; path = Info.plist; sourceTree = "<group>"; };
		350A5D9C2BA8B5ED00324FD4 /* WeatherViewModel.swift */ = {isa = PBXFileReference; lastKnownFileType = sourcecode.swift; path = WeatherViewModel.swift; sourceTree = "<group>"; };
		350A5D9F2BA8B77400324FD4 /* UIView+Extension.swift */ = {isa = PBXFileReference; lastKnownFileType = sourcecode.swift; path = "UIView+Extension.swift"; sourceTree = "<group>"; };
		350A5DA42BA8C5D600324FD4 /* CGFloat+Extension.swift */ = {isa = PBXFileReference; lastKnownFileType = sourcecode.swift; path = "CGFloat+Extension.swift"; sourceTree = "<group>"; };
		350A5DA72BA8CE0000324FD4 /* Inter-Medium.otf */ = {isa = PBXFileReference; lastKnownFileType = file; path = "Inter-Medium.otf"; sourceTree = "<group>"; };
		350A5DA92BA8CFC200324FD4 /* UIColor+Extension.swift */ = {isa = PBXFileReference; lastKnownFileType = sourcecode.swift; path = "UIColor+Extension.swift"; sourceTree = "<group>"; };
		350A5DAB2BA8D0A500324FD4 /* Inter-Regular.otf */ = {isa = PBXFileReference; lastKnownFileType = file; path = "Inter-Regular.otf"; sourceTree = "<group>"; };
		351E16AE2BA8DAFF009D5DA0 /* Inter-Bold.otf */ = {isa = PBXFileReference; lastKnownFileType = file; path = "Inter-Bold.otf"; sourceTree = "<group>"; };
		351E16B22BA8E02C009D5DA0 /* TopView.swift */ = {isa = PBXFileReference; lastKnownFileType = sourcecode.swift; path = TopView.swift; sourceTree = "<group>"; };
		351E16B42BA8E0A1009D5DA0 /* TitleView.swift */ = {isa = PBXFileReference; lastKnownFileType = sourcecode.swift; path = TitleView.swift; sourceTree = "<group>"; };
		351E16B62BA8E0F2009D5DA0 /* WeatherMainTitleView.swift */ = {isa = PBXFileReference; lastKnownFileType = sourcecode.swift; path = WeatherMainTitleView.swift; sourceTree = "<group>"; };
		351E16B82BA8E10D009D5DA0 /* DescriptionListView.swift */ = {isa = PBXFileReference; lastKnownFileType = sourcecode.swift; path = DescriptionListView.swift; sourceTree = "<group>"; };
		351E16BA2BA8E1F1009D5DA0 /* BottomView.swift */ = {isa = PBXFileReference; lastKnownFileType = sourcecode.swift; path = BottomView.swift; sourceTree = "<group>"; };
		351E16BC2BA8E258009D5DA0 /* HomeViewController.swift */ = {isa = PBXFileReference; lastKnownFileType = sourcecode.swift; path = HomeViewController.swift; sourceTree = "<group>"; };
		353729972BA8F47700915455 /* TodayForecastCell.swift */ = {isa = PBXFileReference; lastKnownFileType = sourcecode.swift; path = TodayForecastCell.swift; sourceTree = "<group>"; };
		3537299A2BA8F9F500915455 /* WeeklyForecastCell.swift */ = {isa = PBXFileReference; lastKnownFileType = sourcecode.swift; path = WeeklyForecastCell.swift; sourceTree = "<group>"; };
		3537299C2BA904EB00915455 /* SearchViewController.swift */ = {isa = PBXFileReference; lastKnownFileType = sourcecode.swift; path = SearchViewController.swift; sourceTree = "<group>"; };
		3537299F2BA9509300915455 /* HomeViewProtocols.swift */ = {isa = PBXFileReference; lastKnownFileType = sourcecode.swift; path = HomeViewProtocols.swift; sourceTree = "<group>"; };
		353729A42BA955BF00915455 /* Weather.swift */ = {isa = PBXFileReference; lastKnownFileType = sourcecode.swift; path = Weather.swift; sourceTree = "<group>"; };
		353729A62BA956B800915455 /* Date+Extension.swift */ = {isa = PBXFileReference; lastKnownFileType = sourcecode.swift; path = "Date+Extension.swift"; sourceTree = "<group>"; };
		353729A82BA956EE00915455 /* NetworkService.swift */ = {isa = PBXFileReference; lastKnownFileType = sourcecode.swift; path = NetworkService.swift; sourceTree = "<group>"; };
		353729AA2BA9590700915455 /* City.swift */ = {isa = PBXFileReference; lastKnownFileType = sourcecode.swift; path = City.swift; sourceTree = "<group>"; };
		353729AC2BA99D8800915455 /* UIController+Extension.swift */ = {isa = PBXFileReference; lastKnownFileType = sourcecode.swift; path = "UIController+Extension.swift"; sourceTree = "<group>"; };
		353729B22BA9D94900915455 /* Assets.swift */ = {isa = PBXFileReference; lastKnownFileType = sourcecode.swift; path = Assets.swift; sourceTree = "<group>"; };
		353729B42BA9DC6900915455 /* Forecast.swift */ = {isa = PBXFileReference; lastKnownFileType = sourcecode.swift; path = Forecast.swift; sourceTree = "<group>"; };
		353729B72BA9E32A00915455 /* Refectors.swift */ = {isa = PBXFileReference; lastKnownFileType = sourcecode.swift; path = Refectors.swift; sourceTree = "<group>"; };
		353729C02BA9F27600915455 /* Reachability+Extension.swift */ = {isa = PBXFileReference; lastKnownFileType = sourcecode.swift; path = "Reachability+Extension.swift"; sourceTree = "<group>"; };
/* End PBXFileReference section */

/* Begin PBXFrameworksBuildPhase section */
		350A5D812BA8B32500324FD4 /* Frameworks */ = {
			isa = PBXFrameworksBuildPhase;
			buildActionMask = 2147483647;
			files = (
				353729C42BA9F3A800915455 /* Alamofire in Frameworks */,
			);
			runOnlyForDeploymentPostprocessing = 0;
		};
/* End PBXFrameworksBuildPhase section */

/* Begin PBXGroup section */
		350A5D7B2BA8B32500324FD4 = {
			isa = PBXGroup;
			children = (
				350A5D862BA8B32500324FD4 /* Weather */,
				350A5D852BA8B32500324FD4 /* Products */,
			);
			sourceTree = "<group>";
		};
		350A5D852BA8B32500324FD4 /* Products */ = {
			isa = PBXGroup;
			children = (
				350A5D842BA8B32500324FD4 /* Weather.app */,
			);
			name = Products;
			sourceTree = "<group>";
		};
		350A5D862BA8B32500324FD4 /* Weather */ = {
			isa = PBXGroup;
			children = (
				353729AE2BA9D69000915455 /* Controllers */,
				3537299E2BA904F000915455 /* Views */,
				351E16B02BA8DFF4009D5DA0 /* Protocols */,
				350A5D9B2BA8B5DE00324FD4 /* Models */,
				350A5DA12BA8B9BE00324FD4 /* Supports */,
				350A5D872BA8B32500324FD4 /* AppDelegate.swift */,
				350A5D892BA8B32500324FD4 /* SceneDelegate.swift */,
				350A5D8D2BA8B32500324FD4 /* Main.storyboard */,
				350A5D902BA8B32600324FD4 /* Assets.xcassets */,
				350A5D922BA8B32600324FD4 /* LaunchScreen.storyboard */,
				350A5D952BA8B32600324FD4 /* Info.plist */,
			);
			path = Weather;
			sourceTree = "<group>";
		};
		350A5D9B2BA8B5DE00324FD4 /* Models */ = {
			isa = PBXGroup;
			children = (
				350A5D9C2BA8B5ED00324FD4 /* WeatherViewModel.swift */,
				353729A42BA955BF00915455 /* Weather.swift */,
				353729AA2BA9590700915455 /* City.swift */,
				353729B42BA9DC6900915455 /* Forecast.swift */,
			);
			path = Models;
			sourceTree = "<group>";
		};
		350A5D9E2BA8B75D00324FD4 /* Extensions */ = {
			isa = PBXGroup;
			children = (
				350A5D9F2BA8B77400324FD4 /* UIView+Extension.swift */,
				350A5DA42BA8C5D600324FD4 /* CGFloat+Extension.swift */,
				350A5DA92BA8CFC200324FD4 /* UIColor+Extension.swift */,
				353729A62BA956B800915455 /* Date+Extension.swift */,
				353729AC2BA99D8800915455 /* UIController+Extension.swift */,
				353729C02BA9F27600915455 /* Reachability+Extension.swift */,
			);
			path = Extensions;
			sourceTree = "<group>";
		};
		350A5DA12BA8B9BE00324FD4 /* Supports */ = {
			isa = PBXGroup;
			children = (
				353729B62BA9E2DF00915455 /* Refactors+Config */,
				353729B12BA9D85800915455 /* AssetSupports */,
				353729B02BA9D7BE00915455 /* NetworkServices */,
				350A5D9E2BA8B75D00324FD4 /* Extensions */,
				350A5DA62BA8CDF200324FD4 /* Fonts */,
			);
			path = Supports;
			sourceTree = "<group>";
		};
		350A5DA62BA8CDF200324FD4 /* Fonts */ = {
			isa = PBXGroup;
			children = (
				351E16AE2BA8DAFF009D5DA0 /* Inter-Bold.otf */,
				350A5DAB2BA8D0A500324FD4 /* Inter-Regular.otf */,
				350A5DA72BA8CE0000324FD4 /* Inter-Medium.otf */,
			);
			path = Fonts;
			sourceTree = "<group>";
		};
		351E16B02BA8DFF4009D5DA0 /* Protocols */ = {
			isa = PBXGroup;
			children = (
				3537299F2BA9509300915455 /* HomeViewProtocols.swift */,
			);
			path = Protocols;
			sourceTree = "<group>";
		};
		351E16B12BA8E004009D5DA0 /* SubViews */ = {
			isa = PBXGroup;
			children = (
				351E16B22BA8E02C009D5DA0 /* TopView.swift */,
				351E16B42BA8E0A1009D5DA0 /* TitleView.swift */,
				351E16B62BA8E0F2009D5DA0 /* WeatherMainTitleView.swift */,
				351E16B82BA8E10D009D5DA0 /* DescriptionListView.swift */,
				351E16BA2BA8E1F1009D5DA0 /* BottomView.swift */,
			);
			path = SubViews;
			sourceTree = "<group>";
		};
		353729992BA8F99300915455 /* Cells */ = {
			isa = PBXGroup;
			children = (
				353729972BA8F47700915455 /* TodayForecastCell.swift */,
				3537299A2BA8F9F500915455 /* WeeklyForecastCell.swift */,
			);
			path = Cells;
			sourceTree = "<group>";
		};
		3537299E2BA904F000915455 /* Views */ = {
			isa = PBXGroup;
			children = (
				351E16B12BA8E004009D5DA0 /* SubViews */,
				353729AF2BA9D6B400915455 /* ReusableViews */,
			);
			path = Views;
			sourceTree = "<group>";
		};
		353729AE2BA9D69000915455 /* Controllers */ = {
			isa = PBXGroup;
			children = (
				351E16BC2BA8E258009D5DA0 /* HomeViewController.swift */,
				3537299C2BA904EB00915455 /* SearchViewController.swift */,
			);
			path = Controllers;
			sourceTree = "<group>";
		};
		353729AF2BA9D6B400915455 /* ReusableViews */ = {
			isa = PBXGroup;
			children = (
				353729992BA8F99300915455 /* Cells */,
			);
			path = ReusableViews;
			sourceTree = "<group>";
		};
		353729B02BA9D7BE00915455 /* NetworkServices */ = {
			isa = PBXGroup;
			children = (
				353729A82BA956EE00915455 /* NetworkService.swift */,
			);
			path = NetworkServices;
			sourceTree = "<group>";
		};
		353729B12BA9D85800915455 /* AssetSupports */ = {
			isa = PBXGroup;
			children = (
				353729B22BA9D94900915455 /* Assets.swift */,
			);
			path = AssetSupports;
			sourceTree = "<group>";
		};
		353729B62BA9E2DF00915455 /* Refactors+Config */ = {
			isa = PBXGroup;
			children = (
				353729B72BA9E32A00915455 /* Refectors.swift */,
			);
			path = "Refactors+Config";
			sourceTree = "<group>";
		};
/* End PBXGroup section */

/* Begin PBXNativeTarget section */
		350A5D832BA8B32500324FD4 /* Weather */ = {
			isa = PBXNativeTarget;
			buildConfigurationList = 350A5D982BA8B32600324FD4 /* Build configuration list for PBXNativeTarget "Weather" */;
			buildPhases = (
				350A5D802BA8B32500324FD4 /* Sources */,
				350A5D812BA8B32500324FD4 /* Frameworks */,
				350A5D822BA8B32500324FD4 /* Resources */,
			);
			buildRules = (
			);
			dependencies = (
			);
			name = Weather;
			packageProductDependencies = (
				353729C32BA9F3A800915455 /* Alamofire */,
			);
			productName = Weather;
			productReference = 350A5D842BA8B32500324FD4 /* Weather.app */;
			productType = "com.apple.product-type.application";
		};
/* End PBXNativeTarget section */

/* Begin PBXProject section */
		350A5D7C2BA8B32500324FD4 /* Project object */ = {
			isa = PBXProject;
			attributes = {
				BuildIndependentTargetsInParallel = 1;
				LastSwiftUpdateCheck = 1500;
				LastUpgradeCheck = 1500;
				TargetAttributes = {
					350A5D832BA8B32500324FD4 = {
						CreatedOnToolsVersion = 15.0.1;
					};
				};
			};
			buildConfigurationList = 350A5D7F2BA8B32500324FD4 /* Build configuration list for PBXProject "Weather" */;
			compatibilityVersion = "Xcode 14.0";
			developmentRegion = en;
			hasScannedForEncodings = 0;
			knownRegions = (
				en,
				Base,
			);
			mainGroup = 350A5D7B2BA8B32500324FD4;
			packageReferences = (
				353729C22BA9F3A800915455 /* XCRemoteSwiftPackageReference "Alamofire" */,
			);
			productRefGroup = 350A5D852BA8B32500324FD4 /* Products */;
			projectDirPath = "";
			projectRoot = "";
			targets = (
				350A5D832BA8B32500324FD4 /* Weather */,
			);
		};
/* End PBXProject section */

/* Begin PBXResourcesBuildPhase section */
		350A5D822BA8B32500324FD4 /* Resources */ = {
			isa = PBXResourcesBuildPhase;
			buildActionMask = 2147483647;
			files = (
				350A5D942BA8B32600324FD4 /* LaunchScreen.storyboard in Resources */,
				350A5DAC2BA8D0A500324FD4 /* Inter-Regular.otf in Resources */,
				350A5D912BA8B32600324FD4 /* Assets.xcassets in Resources */,
				350A5D8F2BA8B32500324FD4 /* Main.storyboard in Resources */,
				350A5DA82BA8CE0000324FD4 /* Inter-Medium.otf in Resources */,
				351E16AF2BA8DAFF009D5DA0 /* Inter-Bold.otf in Resources */,
			);
			runOnlyForDeploymentPostprocessing = 0;
		};
/* End PBXResourcesBuildPhase section */

/* Begin PBXSourcesBuildPhase section */
		350A5D802BA8B32500324FD4 /* Sources */ = {
			isa = PBXSourcesBuildPhase;
			buildActionMask = 2147483647;
			files = (
				351E16BD2BA8E258009D5DA0 /* HomeViewController.swift in Sources */,
				351E16B72BA8E0F2009D5DA0 /* WeatherMainTitleView.swift in Sources */,
				353729A02BA9509300915455 /* HomeViewProtocols.swift in Sources */,
				3537299D2BA904EB00915455 /* SearchViewController.swift in Sources */,
				353729A72BA956B800915455 /* Date+Extension.swift in Sources */,
				350A5D9D2BA8B5ED00324FD4 /* WeatherViewModel.swift in Sources */,
				353729AD2BA99D8800915455 /* UIController+Extension.swift in Sources */,
				353729B82BA9E32A00915455 /* Refectors.swift in Sources */,
				351E16B92BA8E10D009D5DA0 /* DescriptionListView.swift in Sources */,
				350A5D882BA8B32500324FD4 /* AppDelegate.swift in Sources */,
				3537299B2BA8F9F500915455 /* WeeklyForecastCell.swift in Sources */,
				351E16BB2BA8E1F1009D5DA0 /* BottomView.swift in Sources */,
				350A5DA02BA8B77400324FD4 /* UIView+Extension.swift in Sources */,
				353729B32BA9D94900915455 /* Assets.swift in Sources */,
				350A5D8A2BA8B32500324FD4 /* SceneDelegate.swift in Sources */,
				353729A92BA956EE00915455 /* NetworkService.swift in Sources */,
				350A5DA52BA8C5D600324FD4 /* CGFloat+Extension.swift in Sources */,
				351E16B32BA8E02C009D5DA0 /* TopView.swift in Sources */,
				353729B52BA9DC6900915455 /* Forecast.swift in Sources */,
				353729A52BA955BF00915455 /* Weather.swift in Sources */,
				353729AB2BA9590700915455 /* City.swift in Sources */,
				350A5DAA2BA8CFC200324FD4 /* UIColor+Extension.swift in Sources */,
				351E16B52BA8E0A1009D5DA0 /* TitleView.swift in Sources */,
				353729C12BA9F27600915455 /* Reachability+Extension.swift in Sources */,
				353729982BA8F47700915455 /* TodayForecastCell.swift in Sources */,
			);
			runOnlyForDeploymentPostprocessing = 0;
		};
/* End PBXSourcesBuildPhase section */

/* Begin PBXVariantGroup section */
		350A5D8D2BA8B32500324FD4 /* Main.storyboard */ = {
			isa = PBXVariantGroup;
			children = (
				350A5D8E2BA8B32500324FD4 /* Base */,
			);
			name = Main.storyboard;
			sourceTree = "<group>";
		};
		350A5D922BA8B32600324FD4 /* LaunchScreen.storyboard */ = {
			isa = PBXVariantGroup;
			children = (
				350A5D932BA8B32600324FD4 /* Base */,
			);
			name = LaunchScreen.storyboard;
			sourceTree = "<group>";
		};
/* End PBXVariantGroup section */

/* Begin XCBuildConfiguration section */
		350A5D962BA8B32600324FD4 /* Debug */ = {
			isa = XCBuildConfiguration;
			buildSettings = {
				ALWAYS_SEARCH_USER_PATHS = NO;
				ASSETCATALOG_COMPILER_GENERATE_SWIFT_ASSET_SYMBOL_EXTENSIONS = YES;
				CLANG_ANALYZER_NONNULL = YES;
				CLANG_ANALYZER_NUMBER_OBJECT_CONVERSION = YES_AGGRESSIVE;
				CLANG_CXX_LANGUAGE_STANDARD = "gnu++20";
				CLANG_ENABLE_MODULES = YES;
				CLANG_ENABLE_OBJC_ARC = YES;
				CLANG_ENABLE_OBJC_WEAK = YES;
				CLANG_WARN_BLOCK_CAPTURE_AUTORELEASING = YES;
				CLANG_WARN_BOOL_CONVERSION = YES;
				CLANG_WARN_COMMA = YES;
				CLANG_WARN_CONSTANT_CONVERSION = YES;
				CLANG_WARN_DEPRECATED_OBJC_IMPLEMENTATIONS = YES;
				CLANG_WARN_DIRECT_OBJC_ISA_USAGE = YES_ERROR;
				CLANG_WARN_DOCUMENTATION_COMMENTS = YES;
				CLANG_WARN_EMPTY_BODY = YES;
				CLANG_WARN_ENUM_CONVERSION = YES;
				CLANG_WARN_INFINITE_RECURSION = YES;
				CLANG_WARN_INT_CONVERSION = YES;
				CLANG_WARN_NON_LITERAL_NULL_CONVERSION = YES;
				CLANG_WARN_OBJC_IMPLICIT_RETAIN_SELF = YES;
				CLANG_WARN_OBJC_LITERAL_CONVERSION = YES;
				CLANG_WARN_OBJC_ROOT_CLASS = YES_ERROR;
				CLANG_WARN_QUOTED_INCLUDE_IN_FRAMEWORK_HEADER = YES;
				CLANG_WARN_RANGE_LOOP_ANALYSIS = YES;
				CLANG_WARN_STRICT_PROTOTYPES = YES;
				CLANG_WARN_SUSPICIOUS_MOVE = YES;
				CLANG_WARN_UNGUARDED_AVAILABILITY = YES_AGGRESSIVE;
				CLANG_WARN_UNREACHABLE_CODE = YES;
				CLANG_WARN__DUPLICATE_METHOD_MATCH = YES;
				COPY_PHASE_STRIP = NO;
				DEBUG_INFORMATION_FORMAT = dwarf;
				ENABLE_STRICT_OBJC_MSGSEND = YES;
				ENABLE_TESTABILITY = YES;
				ENABLE_USER_SCRIPT_SANDBOXING = YES;
				GCC_C_LANGUAGE_STANDARD = gnu17;
				GCC_DYNAMIC_NO_PIC = NO;
				GCC_NO_COMMON_BLOCKS = YES;
				GCC_OPTIMIZATION_LEVEL = 0;
				GCC_PREPROCESSOR_DEFINITIONS = (
					"DEBUG=1",
					"$(inherited)",
				);
				GCC_WARN_64_TO_32_BIT_CONVERSION = YES;
				GCC_WARN_ABOUT_RETURN_TYPE = YES_ERROR;
				GCC_WARN_UNDECLARED_SELECTOR = YES;
				GCC_WARN_UNINITIALIZED_AUTOS = YES_AGGRESSIVE;
				GCC_WARN_UNUSED_FUNCTION = YES;
				GCC_WARN_UNUSED_VARIABLE = YES;
				IPHONEOS_DEPLOYMENT_TARGET = 17.0;
				LOCALIZATION_PREFERS_STRING_CATALOGS = YES;
				MTL_ENABLE_DEBUG_INFO = INCLUDE_SOURCE;
				MTL_FAST_MATH = YES;
				ONLY_ACTIVE_ARCH = YES;
				SDKROOT = iphoneos;
				SWIFT_ACTIVE_COMPILATION_CONDITIONS = "DEBUG $(inherited)";
				SWIFT_OPTIMIZATION_LEVEL = "-Onone";
			};
			name = Debug;
		};
		350A5D972BA8B32600324FD4 /* Release */ = {
			isa = XCBuildConfiguration;
			buildSettings = {
				ALWAYS_SEARCH_USER_PATHS = NO;
				ASSETCATALOG_COMPILER_GENERATE_SWIFT_ASSET_SYMBOL_EXTENSIONS = YES;
				CLANG_ANALYZER_NONNULL = YES;
				CLANG_ANALYZER_NUMBER_OBJECT_CONVERSION = YES_AGGRESSIVE;
				CLANG_CXX_LANGUAGE_STANDARD = "gnu++20";
				CLANG_ENABLE_MODULES = YES;
				CLANG_ENABLE_OBJC_ARC = YES;
				CLANG_ENABLE_OBJC_WEAK = YES;
				CLANG_WARN_BLOCK_CAPTURE_AUTORELEASING = YES;
				CLANG_WARN_BOOL_CONVERSION = YES;
				CLANG_WARN_COMMA = YES;
				CLANG_WARN_CONSTANT_CONVERSION = YES;
				CLANG_WARN_DEPRECATED_OBJC_IMPLEMENTATIONS = YES;
				CLANG_WARN_DIRECT_OBJC_ISA_USAGE = YES_ERROR;
				CLANG_WARN_DOCUMENTATION_COMMENTS = YES;
				CLANG_WARN_EMPTY_BODY = YES;
				CLANG_WARN_ENUM_CONVERSION = YES;
				CLANG_WARN_INFINITE_RECURSION = YES;
				CLANG_WARN_INT_CONVERSION = YES;
				CLANG_WARN_NON_LITERAL_NULL_CONVERSION = YES;
				CLANG_WARN_OBJC_IMPLICIT_RETAIN_SELF = YES;
				CLANG_WARN_OBJC_LITERAL_CONVERSION = YES;
				CLANG_WARN_OBJC_ROOT_CLASS = YES_ERROR;
				CLANG_WARN_QUOTED_INCLUDE_IN_FRAMEWORK_HEADER = YES;
				CLANG_WARN_RANGE_LOOP_ANALYSIS = YES;
				CLANG_WARN_STRICT_PROTOTYPES = YES;
				CLANG_WARN_SUSPICIOUS_MOVE = YES;
				CLANG_WARN_UNGUARDED_AVAILABILITY = YES_AGGRESSIVE;
				CLANG_WARN_UNREACHABLE_CODE = YES;
				CLANG_WARN__DUPLICATE_METHOD_MATCH = YES;
				COPY_PHASE_STRIP = NO;
				DEBUG_INFORMATION_FORMAT = "dwarf-with-dsym";
				ENABLE_NS_ASSERTIONS = NO;
				ENABLE_STRICT_OBJC_MSGSEND = YES;
				ENABLE_USER_SCRIPT_SANDBOXING = YES;
				GCC_C_LANGUAGE_STANDARD = gnu17;
				GCC_NO_COMMON_BLOCKS = YES;
				GCC_WARN_64_TO_32_BIT_CONVERSION = YES;
				GCC_WARN_ABOUT_RETURN_TYPE = YES_ERROR;
				GCC_WARN_UNDECLARED_SELECTOR = YES;
				GCC_WARN_UNINITIALIZED_AUTOS = YES_AGGRESSIVE;
				GCC_WARN_UNUSED_FUNCTION = YES;
				GCC_WARN_UNUSED_VARIABLE = YES;
				IPHONEOS_DEPLOYMENT_TARGET = 17.0;
				LOCALIZATION_PREFERS_STRING_CATALOGS = YES;
				MTL_ENABLE_DEBUG_INFO = NO;
				MTL_FAST_MATH = YES;
				SDKROOT = iphoneos;
				SWIFT_COMPILATION_MODE = wholemodule;
				VALIDATE_PRODUCT = YES;
			};
			name = Release;
		};
		350A5D992BA8B32600324FD4 /* Debug */ = {
			isa = XCBuildConfiguration;
			buildSettings = {
				ASSETCATALOG_COMPILER_APPICON_NAME = AppIcon;
				ASSETCATALOG_COMPILER_GLOBAL_ACCENT_COLOR_NAME = AccentColor;
				CODE_SIGN_STYLE = Automatic;
				CURRENT_PROJECT_VERSION = 1;
				DEVELOPMENT_TEAM = N7C8C2M7A3;
				GENERATE_INFOPLIST_FILE = YES;
				INFOPLIST_FILE = Weather/Info.plist;
				INFOPLIST_KEY_NSLocationAlwaysAndWhenInUseUsageDescription = "Need permission for getting your location for weather";
				INFOPLIST_KEY_NSLocationAlwaysUsageDescription = "Need permission for getting your location for weather";
				INFOPLIST_KEY_NSLocationUsageDescription = "Need permission for getting your location for weather";
				INFOPLIST_KEY_NSLocationWhenInUseUsageDescription = "Need permission for getting your location for weather";
				INFOPLIST_KEY_UIApplicationSupportsIndirectInputEvents = YES;
				INFOPLIST_KEY_UILaunchStoryboardName = LaunchScreen;
				INFOPLIST_KEY_UIMainStoryboardFile = Main;
				INFOPLIST_KEY_UISupportedInterfaceOrientations = UIInterfaceOrientationPortrait;
				INFOPLIST_KEY_UISupportedInterfaceOrientations_iPad = "UIInterfaceOrientationLandscapeLeft UIInterfaceOrientationLandscapeRight UIInterfaceOrientationPortrait UIInterfaceOrientationPortraitUpsideDown";
				LD_RUNPATH_SEARCH_PATHS = (
					"$(inherited)",
					"@executable_path/Frameworks",
				);
				MARKETING_VERSION = 1.0;
				PRODUCT_BUNDLE_IDENTIFIER = Personal.UIKit.Weather.Weather;
				PRODUCT_NAME = "$(TARGET_NAME)";
				SUPPORTED_PLATFORMS = "iphoneos iphonesimulator";
				SUPPORTS_MACCATALYST = NO;
				SWIFT_EMIT_LOC_STRINGS = YES;
				SWIFT_VERSION = 5.0;
				TARGETED_DEVICE_FAMILY = "1,2";
			};
			name = Debug;
		};
		350A5D9A2BA8B32600324FD4 /* Release */ = {
			isa = XCBuildConfiguration;
			buildSettings = {
				ASSETCATALOG_COMPILER_APPICON_NAME = AppIcon;
				ASSETCATALOG_COMPILER_GLOBAL_ACCENT_COLOR_NAME = AccentColor;
				CODE_SIGN_STYLE = Automatic;
				CURRENT_PROJECT_VERSION = 1;
				DEVELOPMENT_TEAM = N7C8C2M7A3;
				GENERATE_INFOPLIST_FILE = YES;
				INFOPLIST_FILE = Weather/Info.plist;
				INFOPLIST_KEY_NSLocationAlwaysAndWhenInUseUsageDescription = "Need permission for getting your location for weather";
				INFOPLIST_KEY_NSLocationAlwaysUsageDescription = "Need permission for getting your location for weather";
				INFOPLIST_KEY_NSLocationUsageDescription = "Need permission for getting your location for weather";
				INFOPLIST_KEY_NSLocationWhenInUseUsageDescription = "Need permission for getting your location for weather";
				INFOPLIST_KEY_UIApplicationSupportsIndirectInputEvents = YES;
				INFOPLIST_KEY_UILaunchStoryboardName = LaunchScreen;
				INFOPLIST_KEY_UIMainStoryboardFile = Main;
				INFOPLIST_KEY_UISupportedInterfaceOrientations = UIInterfaceOrientationPortrait;
				INFOPLIST_KEY_UISupportedInterfaceOrientations_iPad = "UIInterfaceOrientationLandscapeLeft UIInterfaceOrientationLandscapeRight UIInterfaceOrientationPortrait UIInterfaceOrientationPortraitUpsideDown";
				LD_RUNPATH_SEARCH_PATHS = (
					"$(inherited)",
					"@executable_path/Frameworks",
				);
				MARKETING_VERSION = 1.0;
				PRODUCT_BUNDLE_IDENTIFIER = Personal.UIKit.Weather.Weather;
				PRODUCT_NAME = "$(TARGET_NAME)";
				SUPPORTED_PLATFORMS = "iphoneos iphonesimulator";
				SUPPORTS_MACCATALYST = NO;
				SWIFT_EMIT_LOC_STRINGS = YES;
				SWIFT_VERSION = 5.0;
				TARGETED_DEVICE_FAMILY = "1,2";
			};
			name = Release;
		};
/* End XCBuildConfiguration section */

/* Begin XCConfigurationList section */
		350A5D7F2BA8B32500324FD4 /* Build configuration list for PBXProject "Weather" */ = {
			isa = XCConfigurationList;
			buildConfigurations = (
				350A5D962BA8B32600324FD4 /* Debug */,
				350A5D972BA8B32600324FD4 /* Release */,
			);
			defaultConfigurationIsVisible = 0;
			defaultConfigurationName = Release;
		};
		350A5D982BA8B32600324FD4 /* Build configuration list for PBXNativeTarget "Weather" */ = {
			isa = XCConfigurationList;
			buildConfigurations = (
				350A5D992BA8B32600324FD4 /* Debug */,
				350A5D9A2BA8B32600324FD4 /* Release */,
			);
			defaultConfigurationIsVisible = 0;
			defaultConfigurationName = Release;
		};
/* End XCConfigurationList section */

/* Begin XCRemoteSwiftPackageReference section */
		353729C22BA9F3A800915455 /* XCRemoteSwiftPackageReference "Alamofire" */ = {
			isa = XCRemoteSwiftPackageReference;
			repositoryURL = "https://github.com/Alamofire/Alamofire";
			requirement = {
				kind = upToNextMajorVersion;
				minimumVersion = 5.9.0;
			};
		};
/* End XCRemoteSwiftPackageReference section */

/* Begin XCSwiftPackageProductDependency section */
		353729C32BA9F3A800915455 /* Alamofire */ = {
			isa = XCSwiftPackageProductDependency;
			package = 353729C22BA9F3A800915455 /* XCRemoteSwiftPackageReference "Alamofire" */;
			productName = Alamofire;
		};
/* End XCSwiftPackageProductDependency section */
	};
	rootObject = 350A5D7C2BA8B32500324FD4 /* Project object */;
}
